<?xml version="1.0" encoding="utf-8"?>
<Project ToolsVersion="4.0" xmlns="http://schemas.microsoft.com/developer/msbuild/2003">
  <ItemGroup>
    <Filter Include="Source Files">
      <UniqueIdentifier>{E9C7FDCE-D52A-8D73-7EB0-C5296AF258F6}</UniqueIdentifier>
    </Filter>
    <Filter Include="Source Files\Camera">
      <UniqueIdentifier>{413C166A-AD9D-F377-360B-3A2AA26B2A37}</UniqueIdentifier>
    </Filter>
    <Filter Include="Source Files\Core">
      <UniqueIdentifier>{E145AD0A-4D5C-ABA0-96D3-36C202297C28}</UniqueIdentifier>
    </Filter>
    <Filter Include="Source Files\Core\Input">
      <UniqueIdentifier>{A01AC625-0C52-0EBD-155C-72E0811235B6}</UniqueIdentifier>
    </Filter>
    <Filter Include="Source Files\Core\Time">
      <UniqueIdentifier>{1F771BC3-0B71-4415-F4DD-DA25E076AA81}</UniqueIdentifier>
    </Filter>
    <Filter Include="Source Files\ImGUI">
      <UniqueIdentifier>{93C3C060-7FA7-81B6-E807-7C09D40A6C38}</UniqueIdentifier>
    </Filter>
    <Filter Include="Source Files\Renderer">
      <UniqueIdentifier>{AF019756-1B6E-5251-E461-EAAE508D74B9}</UniqueIdentifier>
    </Filter>
    <Filter Include="Source Files\Renderer\OpenGL">
      <UniqueIdentifier>{0310E9CB-EFCA-D877-9882-51C2841C2308}</UniqueIdentifier>
    </Filter>
    <Filter Include="Source Files\Window">
      <UniqueIdentifier>{B0B44E99-1C16-2CA7-A583-725911E46266}</UniqueIdentifier>
    </Filter>
    <Filter Include="Header Files">
      <UniqueIdentifier>{21EB8090-0D4E-1035-B6D3-48EBA215DCB7}</UniqueIdentifier>
    </Filter>
    <Filter Include="Header Files\Camera">
      <UniqueIdentifier>{7990BAA8-E5F1-97B6-6E5F-DE68DABFCE75}</UniqueIdentifier>
    </Filter>
    <Filter Include="Header Files\ImGUI">
      <UniqueIdentifier>{CB708F05-B754-505B-20B5-4AAE0CB83ADD}</UniqueIdentifier>
    </Filter>
    <Filter Include="Header Files\Input">
      <UniqueIdentifier>{E0AF9005-CC93-515B-35F4-4BAE21F73BDD}</UniqueIdentifier>
    </Filter>
    <Filter Include="Header Files\Renderer">
      <UniqueIdentifier>{E743A1CF-53B0-5CCA-1CA4-F42788CF7E32}</UniqueIdentifier>
    </Filter>
    <Filter Include="Header Files\Renderer\OpenGL">
      <UniqueIdentifier>{3BA3FB1C-275E-EBC8-D015-6413BCAF3559}</UniqueIdentifier>
    </Filter>
    <Filter Include="Header Files\Utility">
      <UniqueIdentifier>{643AB255-50C9-3B1F-F9E7-4F1AE5554CC5}</UniqueIdentifier>
    </Filter>
    <Filter Include="Header Files\Window">
      <UniqueIdentifier>{E808F3D7-546A-D0E5-DDD7-1698493807A5}</UniqueIdentifier>
    </Filter>
    <Filter Include="Editor Layer">
      <UniqueIdentifier>{E96E601B-D5D1-EFBF-7E57-28766A99BB42}</UniqueIdentifier>
    </Filter>
    <Filter Include="Vendor">
      <UniqueIdentifier>{935FDCD7-7F01-07AE-68BC-1A0254FD8DFE}</UniqueIdentifier>
    </Filter>
    <Filter Include="Vendor\IMGUI">
      <UniqueIdentifier>{9D660FD0-89C9-9E74-324F-D72A1E916AF7}</UniqueIdentifier>
    </Filter>
    <Filter Include="Vendor\IMGUI\ImGui">
      <UniqueIdentifier>{879D03BC-7381-C411-DCE1-BE64C8E4AE93}</UniqueIdentifier>
    </Filter>
    <Filter Include="Vendor\IMGUI\ImGui\backends">
      <UniqueIdentifier>{913F8C79-FD4C-BA5F-8633-B64AF23F8616}</UniqueIdentifier>
    </Filter>
    <Filter Include="src">
      <UniqueIdentifier>{2DAB880B-99B4-887C-2230-9F7C8E38947C}</UniqueIdentifier>
    </Filter>
    <Filter Include="src\Core">
      <UniqueIdentifier>{A5D31CCF-91A0-77DA-BAB9-6582A6E5AC68}</UniqueIdentifier>
    </Filter>
    <Filter Include="src\Core\Events">
      <UniqueIdentifier>{E953F58B-55DF-6250-5EF0-E544CAFABE50}</UniqueIdentifier>
    </Filter>
  </ItemGroup>
  <ItemGroup>
    <ClInclude Include="..\Vendor\IMGUI\ImGui\backends\imgui_impl_glfw.h">
      <Filter>Vendor\IMGUI\ImGui\backends</Filter>
    </ClInclude>
    <ClInclude Include="..\Vendor\IMGUI\ImGui\backends\imgui_impl_opengl3.h">
      <Filter>Vendor\IMGUI\ImGui\backends</Filter>
    </ClInclude>
    <ClInclude Include="..\Vendor\IMGUI\ImGui\imconfig.h">
      <Filter>Vendor\IMGUI\ImGui</Filter>
    </ClInclude>
    <ClInclude Include="..\Vendor\IMGUI\ImGui\imgui.h">
      <Filter>Vendor\IMGUI\ImGui</Filter>
    </ClInclude>
    <ClInclude Include="..\Vendor\IMGUI\ImGui\imgui_internal.h">
      <Filter>Vendor\IMGUI\ImGui</Filter>
    </ClInclude>
    <ClInclude Include="..\Vendor\IMGUI\ImGui\imstb_rectpack.h">
      <Filter>Vendor\IMGUI\ImGui</Filter>
    </ClInclude>
    <ClInclude Include="..\Vendor\IMGUI\ImGui\imstb_textedit.h">
      <Filter>Vendor\IMGUI\ImGui</Filter>
    </ClInclude>
    <ClInclude Include="..\Vendor\IMGUI\ImGui\imstb_truetype.h">
      <Filter>Vendor\IMGUI\ImGui</Filter>
    </ClInclude>
    <ClInclude Include="Include\Camera\Camera.hpp">
      <Filter>Header Files\Camera</Filter>
    </ClInclude>
    <ClInclude Include="Include\Camera\CameraController.hpp">
      <Filter>Header Files\Camera</Filter>
    </ClInclude>
    <ClInclude Include="Include\Camera\OrthographicCamera.hpp">
      <Filter>Header Files\Camera</Filter>
    </ClInclude>
    <ClInclude Include="Include\Camera\PerspectiveCamera.hpp">
      <Filter>Header Files\Camera</Filter>
    </ClInclude>
    <ClInclude Include="Include\ImGUI\ImGuiLayer.hpp">
      <Filter>Header Files\ImGUI</Filter>
    </ClInclude>
    <ClInclude Include="Include\Input\Input.hpp">
      <Filter>Header Files\Input</Filter>
    </ClInclude>
    <ClInclude Include="Include\Layers\CameraLayer.hpp">
      <Filter>Editor Layer</Filter>
    </ClInclude>
    <ClInclude Include="Include\Layers\EditorLayer.hpp">
      <Filter>Editor Layer</Filter>
    </ClInclude>
    <ClInclude Include="Include\Layers\Layer.hpp">
      <Filter>Editor Layer</Filter>
    </ClInclude>
    <ClInclude Include="Include\Layers\LayerStack.hpp">
      <Filter>Editor Layer</Filter>
    </ClInclude>
    <ClInclude Include="Include\Layers\LogoLayer.hpp">
      <Filter>Editor Layer</Filter>
    </ClInclude>
    <ClInclude Include="Include\Layers\TestTriangleLayer.hpp">
      <Filter>Editor Layer</Filter>
    </ClInclude>
    <ClInclude Include="Include\Renderer\GraphicsAPI.hpp">
      <Filter>Header Files\Renderer</Filter>
    </ClInclude>
    <ClInclude Include="Include\Renderer\IndexBuffer.hpp">
      <Filter>Header Files\Renderer</Filter>
    </ClInclude>
    <ClInclude Include="Include\Renderer\OpenGL\OpenGLIndexBuffer.hpp">
      <Filter>Header Files\Renderer\OpenGL</Filter>
    </ClInclude>
    <ClInclude Include="Include\Renderer\OpenGL\OpenGLShader.hpp">
      <Filter>Header Files\Renderer\OpenGL</Filter>
    </ClInclude>
    <ClInclude Include="Include\Renderer\OpenGL\OpenGLVertexArray.hpp">
      <Filter>Header Files\Renderer\OpenGL</Filter>
    </ClInclude>
    <ClInclude Include="Include\Renderer\OpenGL\OpenGLVertexBuffer.hpp">
      <Filter>Header Files\Renderer\OpenGL</Filter>
    </ClInclude>
    <ClInclude Include="Include\Renderer\OpenGL\TEOpenGLColor.hpp">
      <Filter>Header Files\Renderer\OpenGL</Filter>
    </ClInclude>
    <ClInclude Include="Include\Renderer\RenderCommand.hpp">
      <Filter>Header Files\Renderer</Filter>
    </ClInclude>
    <ClInclude Include="Include\Renderer\Renderer.hpp">
      <Filter>Header Files\Renderer</Filter>
    </ClInclude>
    <ClInclude Include="Include\Renderer\RendererContext.hpp">
      <Filter>Header Files\Renderer</Filter>
    </ClInclude>
    <ClInclude Include="Include\Renderer\Shader.hpp">
      <Filter>Header Files\Renderer</Filter>
    </ClInclude>
    <ClInclude Include="Include\Renderer\TEColor.hpp">
      <Filter>Header Files\Renderer</Filter>
    </ClInclude>
    <ClInclude Include="Include\Renderer\Texture.hpp">
      <Filter>Header Files\Renderer</Filter>
    </ClInclude>
    <ClInclude Include="Include\Renderer\VertexArray.hpp">
      <Filter>Header Files\Renderer</Filter>
    </ClInclude>
    <ClInclude Include="Include\Renderer\VertexBuffer.hpp">
      <Filter>Header Files\Renderer</Filter>
    </ClInclude>
    <ClInclude Include="Include\Utility\MathUtils.hpp">
      <Filter>Header Files\Utility</Filter>
    </ClInclude>
    <ClInclude Include="Include\Window\IWindow.hpp">
      <Filter>Header Files\Window</Filter>
    </ClInclude>
    <ClInclude Include="Include\Window\WindowsWindow.hpp">
      <Filter>Header Files\Window</Filter>
    </ClInclude>
    <ClInclude Include="src\Core\Application.h">
      <Filter>src\Core</Filter>
    </ClInclude>
    <ClInclude Include="src\Core\Core.h">
      <Filter>src\Core</Filter>
    </ClInclude>
    <ClInclude Include="src\Core\EntryPoint.h">
      <Filter>src\Core</Filter>
    </ClInclude>
    <ClInclude Include="src\Core\Events\ApplicationEvent.h">
      <Filter>src\Core\Events</Filter>
    </ClInclude>
    <ClInclude Include="src\Core\Events\Event.h">
      <Filter>src\Core\Events</Filter>
    </ClInclude>
    <ClInclude Include="src\Core\Events\KeyEvent.h">
      <Filter>src\Core\Events</Filter>
    </ClInclude>
    <ClInclude Include="src\Core\Events\MouseEvent.h">
      <Filter>src\Core\Events</Filter>
    </ClInclude>
    <ClInclude Include="src\Core\Log.h">
      <Filter>src\Core</Filter>
    </ClInclude>
    <ClInclude Include="src\Core\PreRequisites.h">
      <Filter>src\Core</Filter>
    </ClInclude>
    <ClInclude Include="src\Engine.h">
      <Filter>src</Filter>
    </ClInclude>
  </ItemGroup>
  <ItemGroup>
    <ClCompile Include="..\Vendor\GLAD\src\glad.c">
      <Filter>Source Files</Filter>
    </ClCompile>
    <ClCompile Include="..\Vendor\IMGUI\ImGui\backends\imgui_impl_glfw.cpp">
      <Filter>Vendor\IMGUI\ImGui\backends</Filter>
    </ClCompile>
    <ClCompile Include="..\Vendor\IMGUI\ImGui\backends\imgui_impl_opengl3.cpp">
      <Filter>Vendor\IMGUI\ImGui\backends</Filter>
    </ClCompile>
    <ClCompile Include="..\Vendor\IMGUI\ImGui\imgui.cpp">
      <Filter>Vendor\IMGUI\ImGui</Filter>
    </ClCompile>
    <ClCompile Include="..\Vendor\IMGUI\ImGui\imgui_demo.cpp">
      <Filter>Vendor\IMGUI\ImGui</Filter>
    </ClCompile>
    <ClCompile Include="..\Vendor\IMGUI\ImGui\imgui_draw.cpp">
      <Filter>Vendor\IMGUI\ImGui</Filter>
    </ClCompile>
    <ClCompile Include="..\Vendor\IMGUI\ImGui\imgui_tables.cpp">
      <Filter>Vendor\IMGUI\ImGui</Filter>
    </ClCompile>
    <ClCompile Include="..\Vendor\IMGUI\ImGui\imgui_widgets.cpp">
      <Filter>Vendor\IMGUI\ImGui</Filter>
    </ClCompile>
    <ClCompile Include="src\Camera\Camera.cpp">
      <Filter>Source Files\Camera</Filter>
    </ClCompile>
    <ClCompile Include="src\Camera\CameraController.cpp">
      <Filter>Source Files\Camera</Filter>
    </ClCompile>
    <ClCompile Include="src\Camera\OrthographicCamera.cpp">
      <Filter>Source Files\Camera</Filter>
    </ClCompile>
    <ClCompile Include="src\Camera\PerspectiveCamera.cpp">
      <Filter>Source Files\Camera</Filter>
    </ClCompile>
    <ClCompile Include="src\Core\Application.cpp">
      <Filter>Source Files\Core</Filter>
    </ClCompile>
    <ClCompile Include="src\Core\Core.cpp">
      <Filter>Source Files\Core</Filter>
    </ClCompile>
    <ClCompile Include="src\Core\Input\Input.cpp">
      <Filter>Source Files\Core\Input</Filter>
    </ClCompile>
    <ClCompile Include="src\Core\Layers\CameraLayer.cpp">
      <Filter>Editor Layer</Filter>
    </ClCompile>
    <ClCompile Include="src\Core\Layers\EditorLayer.cpp">
      <Filter>Editor Layer</Filter>
    </ClCompile>
    <ClCompile Include="src\Core\Layers\Layer.cpp">
      <Filter>Editor Layer</Filter>
    </ClCompile>
    <ClCompile Include="src\Core\Layers\LayerStack.cpp">
      <Filter>Editor Layer</Filter>
    </ClCompile>
    <ClCompile Include="src\Core\Layers\LogoLayer.cpp">
      <Filter>Editor Layer</Filter>
    </ClCompile>
    <ClCompile Include="src\Core\Layers\TestTriangleLayer.cpp">
      <Filter>Editor Layer</Filter>
    </ClCompile>
    <ClCompile Include="src\Core\Log.cpp">
      <Filter>Source Files\Core</Filter>
    </ClCompile>
    <ClCompile Include="src\Core\Time\Ticker.cpp">
      <Filter>Source Files\Core\Time</Filter>
    </ClCompile>
    <ClCompile Include="src\Core\Time\Timer.cpp">
      <Filter>Source Files\Core\Time</Filter>
    </ClCompile>
    <ClCompile Include="src\ImGUI\ImGuiLayer.cpp">
      <Filter>Source Files\ImGUI</Filter>
    </ClCompile>
    <ClCompile Include="src\Renderer\IndexBuffer.cpp">
      <Filter>Source Files\Renderer</Filter>
    </ClCompile>
    <ClCompile Include="src\Renderer\OpenGL\OpenGLIndexBuffer.cpp">
      <Filter>Source Files\Renderer\OpenGL</Filter>
    </ClCompile>
    <ClCompile Include="src\Renderer\OpenGL\OpenGLShader.cpp">
      <Filter>Source Files\Renderer\OpenGL</Filter>
    </ClCompile>
    <ClCompile Include="src\Renderer\OpenGL\OpenGLVertexArray.cpp">
      <Filter>Source Files\Renderer\OpenGL</Filter>
    </ClCompile>
    <ClCompile Include="src\Renderer\OpenGL\OpenGLVertexBuffer.cpp">
      <Filter>Source Files\Renderer\OpenGL</Filter>
    </ClCompile>
    <ClCompile Include="src\Renderer\OpenGL\TEOpenGLColor.cpp">
      <Filter>Source Files\Renderer\OpenGL</Filter>
    </ClCompile>
    <ClCompile Include="src\Renderer\RenderCommand.cpp">
      <Filter>Source Files\Renderer</Filter>
    </ClCompile>
    <ClCompile Include="src\Renderer\RendererContext.cpp">
      <Filter>Source Files\Renderer</Filter>
    </ClCompile>
    <ClCompile Include="src\Renderer\Shader.cpp">
      <Filter>Source Files\Renderer</Filter>
    </ClCompile>
    <ClCompile Include="src\Renderer\TEColor.cpp">
      <Filter>Source Files\Renderer</Filter>
    </ClCompile>
    <ClCompile Include="src\Renderer\VertexArray.cpp">
      <Filter>Source Files\Renderer</Filter>
    </ClCompile>
    <ClCompile Include="src\Renderer\VertexBuffer.cpp">
      <Filter>Source Files\Renderer</Filter>
    </ClCompile>
    <ClCompile Include="src\Window\IWindow.cpp">
      <Filter>Source Files\Window</Filter>
    </ClCompile>
    <ClCompile Include="src\Window\WindowsWindow.cpp">
      <Filter>Source Files\Window</Filter>
    </ClCompile>
  </ItemGroup>
</Project>