<?xml version="1.0" encoding="utf-8"?>
<Project ToolsVersion="4.0" xmlns="http://schemas.microsoft.com/developer/msbuild/2003">
  <ItemGroup>
    <Filter Include="Source Files">
      <UniqueIdentifier>{E9C7FDCE-D52A-8D73-7EB0-C5296AF258F6}</UniqueIdentifier>
    </Filter>
    <Filter Include="Source Files\Core">
      <UniqueIdentifier>{E145AD0A-4D5C-ABA0-96D3-36C202297C28}</UniqueIdentifier>
    </Filter>
    <Filter Include="Source Files\Window">
      <UniqueIdentifier>{B0B44E99-1C16-2CA7-A583-725911E46266}</UniqueIdentifier>
    </Filter>
    <Filter Include="Header Files">
      <UniqueIdentifier>{21EB8090-0D4E-1035-B6D3-48EBA215DCB7}</UniqueIdentifier>
    </Filter>
    <Filter Include="Header Files\Window">
      <UniqueIdentifier>{E808F3D7-546A-D0E5-DDD7-1698493807A5}</UniqueIdentifier>
    </Filter>
    <Filter Include="src">
      <UniqueIdentifier>{2DAB880B-99B4-887C-2230-9F7C8E38947C}</UniqueIdentifier>
    </Filter>
    <Filter Include="src\Core">
      <UniqueIdentifier>{A5D31CCF-91A0-77DA-BAB9-6582A6E5AC68}</UniqueIdentifier>
    </Filter>
    <Filter Include="src\Core\Events">
      <UniqueIdentifier>{E953F58B-55DF-6250-5EF0-E544CAFABE50}</UniqueIdentifier>
    </Filter>
  </ItemGroup>
  <ItemGroup>
    <ClInclude Include="Include\Window\IWindow.hpp">
      <Filter>Header Files\Window</Filter>
    </ClInclude>
    <ClInclude Include="Include\Window\WindowsWindow.hpp">
      <Filter>Header Files\Window</Filter>
    </ClInclude>
    <ClInclude Include="src\Core\Application.h">
      <Filter>src\Core</Filter>
    </ClInclude>
    <ClInclude Include="src\Core\Core.h">
      <Filter>src\Core</Filter>
    </ClInclude>
    <ClInclude Include="src\Core\EntryPoint.h">
      <Filter>src\Core</Filter>
    </ClInclude>
    <ClInclude Include="src\Core\Events\ApplicationEvent.h">
      <Filter>src\Core\Events</Filter>
    </ClInclude>
    <ClInclude Include="src\Core\Events\Event.h">
      <Filter>src\Core\Events</Filter>
    </ClInclude>
    <ClInclude Include="src\Core\Events\KeyEvent.h">
      <Filter>src\Core\Events</Filter>
    </ClInclude>
    <ClInclude Include="src\Core\Events\MouseEvent.h">
      <Filter>src\Core\Events</Filter>
    </ClInclude>
    <ClInclude Include="src\Core\KeyCodes.h">
      <Filter>src\Core</Filter>
    </ClInclude>
    <ClInclude Include="src\Core\Log.h">
      <Filter>src\Core</Filter>
    </ClInclude>
    <ClInclude Include="src\Core\MouseCodes.h">
      <Filter>src\Core</Filter>
    </ClInclude>
    <ClInclude Include="src\Core\PreRequisites.h">
      <Filter>src\Core</Filter>
    </ClInclude>
    <ClInclude Include="src\Engine.h">
      <Filter>src</Filter>
    </ClInclude>
  </ItemGroup>
  <ItemGroup>
    <ClCompile Include="..\Vendor\GLAD\src\glad.c">
      <Filter>Source Files</Filter>
    </ClCompile>
    <ClCompile Include="src\Core\Application.cpp">
      <Filter>Source Files\Core</Filter>
    </ClCompile>
    <ClCompile Include="src\Core\Core.cpp">
      <Filter>Source Files\Core</Filter>
    </ClCompile>
    <ClCompile Include="src\Core\Log.cpp">
      <Filter>Source Files\Core</Filter>
    </ClCompile>
    <ClCompile Include="src\Window\IWindow.cpp">
      <Filter>Source Files\Window</Filter>
    </ClCompile>
    <ClCompile Include="src\Window\WindowsWindow.cpp">
      <Filter>Source Files\Window</Filter>
    </ClCompile>
  </ItemGroup>
</Project>